// !$*UTF8*$!
{
	archiveVersion = 1;
	classes = {
	};
	objectVersion = 46;
	objects = {

/* Begin PBXBuildFile section */
		5A41608D0128B56CB5294B61 /* BluRayVc_iPhone.xib in Resources */ = {isa = PBXBuildFile; fileRef = 5A41602B31AA2BD0E08F72BC /* BluRayVc_iPhone.xib */; };
		5A4160FC76F8457988A315AF /* audio_1@2x.png in Resources */ = {isa = PBXBuildFile; fileRef = 5A41639EB1D121A764FA269B /* audio_1@2x.png */; };
		5A41610184C19F628CA2E73B /* AssignmentRowControl.m in Sources */ = {isa = PBXBuildFile; fileRef = 5A4163697DCE59418166FE95 /* AssignmentRowControl.m */; };
		5A41636381FFFADBD7FE1C7E /* back_bbi_highlighted@2x.png in Resources */ = {isa = PBXBuildFile; fileRef = 5A416808BF007781CCDFA8F6 /* back_bbi_highlighted@2x.png */; };
		5A4163CEEF4E66618507DDAB /* back_bbi@2x.png in Resources */ = {isa = PBXBuildFile; fileRef = 5A4167C661088C3AC04FDF28 /* back_bbi@2x.png */; };
		5A41650FF8A652500795AE63 /* arrow_R_highlighted@2x.png in Resources */ = {isa = PBXBuildFile; fileRef = 5A41692C498DDF579E17ECB7 /* arrow_R_highlighted@2x.png */; };
		5A41657FDCCB2BA05669C72C /* bbi@2x.png in Resources */ = {isa = PBXBuildFile; fileRef = 5A4161F89D607E27C84051A8 /* bbi@2x.png */; };
		5A4165F2A51C36D26BAD1ACC /* tv_right@2x.png in Resources */ = {isa = PBXBuildFile; fileRef = 5A4167118CD0F7D34CF91F8B /* tv_right@2x.png */; };
		5A4166EA00A6BDD3A9AEF6D5 /* arrow_R@2x.png in Resources */ = {isa = PBXBuildFile; fileRef = 5A416FA6FB96B844F5516630 /* arrow_R@2x.png */; };
		5A416732C27F7F29D6F97B34 /* audio_3@2x.png in Resources */ = {isa = PBXBuildFile; fileRef = 5A416064A23E7AFD13EF4263 /* audio_3@2x.png */; };
		5A41685F610594E38352D2F8 /* Theme.m in Sources */ = {isa = PBXBuildFile; fileRef = 5A41674A89BAB93AFFA2ED65 /* Theme.m */; };
		5A4168A93F6492C227EC174B /* AssignmentVc_iPhone.m in Sources */ = {isa = PBXBuildFile; fileRef = 5A4169CA5D12C7B05A98E5EA /* AssignmentVc_iPhone.m */; };
		5A416971B71A8DF7621B405B /* espn@2x.png in Resources */ = {isa = PBXBuildFile; fileRef = 5A416A36EAD521B221263A9E /* espn@2x.png */; };
		5A416AA2EC7E3239F812B4DA /* AssignmentButton.m in Sources */ = {isa = PBXBuildFile; fileRef = 5A416BC523B369E57FF0F6E4 /* AssignmentButton.m */; };
		5A416AB091619D33E24E7B26 /* arrow_L@2x.png in Resources */ = {isa = PBXBuildFile; fileRef = 5A416B49F30546A071806FF2 /* arrow_L@2x.png */; };
		5A416B262027E41A1B4C2D3C /* AssignmentButtonBg_highlighted@2x.png in Resources */ = {isa = PBXBuildFile; fileRef = 5A416FFA07329CFB2F71FE9D /* AssignmentButtonBg_highlighted@2x.png */; };
		5A416B9F0E65903059572617 /* arrow_L_highlighted@2x.png in Resources */ = {isa = PBXBuildFile; fileRef = 5A416BD17BF5E5D82DB7D65F /* arrow_L_highlighted@2x.png */; };
		5A416CF9D9EBCCDCFF7ACD10 /* tv_center@2x.png in Resources */ = {isa = PBXBuildFile; fileRef = 5A41663267F21E137437D8EF /* tv_center@2x.png */; };
		5A416D3A91FAB70AD85FB11F /* tv_left@2x.png in Resources */ = {isa = PBXBuildFile; fileRef = 5A416014B6C245D75E364C0E /* tv_left@2x.png */; };
		5A416D6F51C8D76D39A72DA3 /* AssignmentButtonBg@2x.png in Resources */ = {isa = PBXBuildFile; fileRef = 5A416DC3ECC9F936DC799019 /* AssignmentButtonBg@2x.png */; };
		5A416E47A1156F24007A7AE7 /* audio_2@2x.png in Resources */ = {isa = PBXBuildFile; fileRef = 5A4165FB88EC38AC51F5F555 /* audio_2@2x.png */; };
		5A416EBD791E9060C91A0687 /* AssignmentVc_iPhone.xib in Resources */ = {isa = PBXBuildFile; fileRef = 5A416D5EE8F2D8C189771E93 /* AssignmentVc_iPhone.xib */; };
		5A416EBDBF71F4638EC4A386 /* bbi_highlighted@2x.png in Resources */ = {isa = PBXBuildFile; fileRef = 5A416410D4DE560F763AB05A /* bbi_highlighted@2x.png */; };
		5A416F1A4B3E7AB98768CFD0 /* BluRayVc_iPhone.m in Sources */ = {isa = PBXBuildFile; fileRef = 5A41660672C0B1358027BAAB /* BluRayVc_iPhone.m */; };
		76E7C73286F44FD20C7CCA35 /* UIKit.framework in Frameworks */ = {isa = PBXBuildFile; fileRef = 76E7C73286F44FD20C7CCA34 /* UIKit.framework */; };
		76E7C73286F44FD20C7CCA37 /* Foundation.framework in Frameworks */ = {isa = PBXBuildFile; fileRef = 76E7C73286F44FD20C7CCA36 /* Foundation.framework */; };
		76E7C73286F44FD20C7CCA39 /* CoreGraphics.framework in Frameworks */ = {isa = PBXBuildFile; fileRef = 76E7C73286F44FD20C7CCA38 /* CoreGraphics.framework */; };
		76E7C73286F44FD20C7CCA3F /* InfoPlist.strings in Resources */ = {isa = PBXBuildFile; fileRef = 76E7C73286F44FD20C7CCA3E /* InfoPlist.strings */; };
		76E7C73286F44FD20C7CCA41 /* main.m in Sources */ = {isa = PBXBuildFile; fileRef = 76E7C73286F44FD20C7CCA40 /* main.m */; };
		76E7C73286F44FD20C7CCA45 /* AppDelegate.m in Sources */ = {isa = PBXBuildFile; fileRef = 76E7C73286F44FD20C7CCA44 /* AppDelegate.m */; };
		76E7C73286F44FD20C7CCA50 /* SenTestingKit.framework in Frameworks */ = {isa = PBXBuildFile; fileRef = 76E7C73286F44FD20C7CCA4F /* SenTestingKit.framework */; };
		76E7C73286F44FD20C7CCA51 /* UIKit.framework in Frameworks */ = {isa = PBXBuildFile; fileRef = 76E7C73286F44FD20C7CCA34 /* UIKit.framework */; };
		76E7C73286F44FD20C7CCA52 /* Foundation.framework in Frameworks */ = {isa = PBXBuildFile; fileRef = 76E7C73286F44FD20C7CCA36 /* Foundation.framework */; };
		76E7C73286F44FD20C7CCA5A /* InfoPlist.strings in Resources */ = {isa = PBXBuildFile; fileRef = 76E7C73286F44FD20C7CCA59 /* InfoPlist.strings */; };
		76E7C73286F44FD20C7CCA5D /* JonesRemoteTests.m in Sources */ = {isa = PBXBuildFile; fileRef = 76E7C73286F44FD20C7CCA5C /* JonesRemoteTests.m */; };
		76E7C73286F44FD20C7CCA81 /* SceneVc_iPhone.m in Sources */ = {isa = PBXBuildFile; fileRef = 76E7C73286F44FD20C7CCA80 /* SceneVc_iPhone.m */; };
		76E7C73286F44FD20C7CCA83 /* SceneVc_iPhone.xib in Resources */ = {isa = PBXBuildFile; fileRef = 76E7C73286F44FD20C7CCA82 /* SceneVc_iPhone.xib */; };
		76E7C73286F44FD20C7CCA85 /* Alternate-Gothic-No2.ttf in Resources */ = {isa = PBXBuildFile; fileRef = 76E7C73286F44FD20C7CCA84 /* Alternate-Gothic-No2.ttf */; };
		76E7C73286F44FD20C7CCA9A /* CommandCenter.m in Sources */ = {isa = PBXBuildFile; fileRef = 76E7C73286F44FD20C7CCA99 /* CommandCenter.m */; };
		76E7C73286F44FD20C7CCAA4 /* GCDAsyncSocket.m in Sources */ = {isa = PBXBuildFile; fileRef = 76E7C73286F44FD20C7CCAA3 /* GCDAsyncSocket.m */; };
		8326FAA916CAB12B0096F6CB /* scene_allOff@2x.png in Resources */ = {isa = PBXBuildFile; fileRef = 8326FA9F16CAB12B0096F6CB /* scene_allOff@2x.png */; };
		8326FAAA16CAB12B0096F6CB /* scene_appleTv@2x.png in Resources */ = {isa = PBXBuildFile; fileRef = 8326FAA016CAB12B0096F6CB /* scene_appleTv@2x.png */; };
		8326FAAB16CAB12B0096F6CB /* scene_bluRay@2x.png in Resources */ = {isa = PBXBuildFile; fileRef = 8326FAA116CAB12B0096F6CB /* scene_bluRay@2x.png */; };
		8326FAAC16CAB12B0096F6CB /* scene_centerTv@2x.png in Resources */ = {isa = PBXBuildFile; fileRef = 8326FAA216CAB12B0096F6CB /* scene_centerTv@2x.png */; };
		8326FAAD16CAB12B0096F6CB /* scene_leftTv@2x.png in Resources */ = {isa = PBXBuildFile; fileRef = 8326FAA316CAB12B0096F6CB /* scene_leftTv@2x.png */; };
		8326FAAE16CAB12B0096F6CB /* scene_macMini@2x.png in Resources */ = {isa = PBXBuildFile; fileRef = 8326FAA416CAB12B0096F6CB /* scene_macMini@2x.png */; };
		8326FAAF16CAB12B0096F6CB /* scene_music@2x.png in Resources */ = {isa = PBXBuildFile; fileRef = 8326FAA516CAB12B0096F6CB /* scene_music@2x.png */; };
		8326FAB016CAB12B0096F6CB /* scene_recording@2x.png in Resources */ = {isa = PBXBuildFile; fileRef = 8326FAA616CAB12B0096F6CB /* scene_recording@2x.png */; };
		8326FAB116CAB12B0096F6CB /* scene_rightTv@2x.png in Resources */ = {isa = PBXBuildFile; fileRef = 8326FAA716CAB12B0096F6CB /* scene_rightTv@2x.png */; };
		8326FAB216CAB12B0096F6CB /* scene_sportsBar@2x.png in Resources */ = {isa = PBXBuildFile; fileRef = 8326FAA816CAB12B0096F6CB /* scene_sportsBar@2x.png */; };
		8326FAB416CAB1830096F6CB /* inputs_highlighted@2x.png in Resources */ = {isa = PBXBuildFile; fileRef = 8326FAB316CAB1830096F6CB /* inputs_highlighted@2x.png */; };
		8326FAB916CABCF70096F6CB /* bbc@2x.png in Resources */ = {isa = PBXBuildFile; fileRef = 8326FAB516CABCF70096F6CB /* bbc@2x.png */; };
		8326FABA16CABCF70096F6CB /* fx@2x.png in Resources */ = {isa = PBXBuildFile; fileRef = 8326FAB616CABCF70096F6CB /* fx@2x.png */; };
		8326FABB16CABCF70096F6CB /* tbs@2x.png in Resources */ = {isa = PBXBuildFile; fileRef = 8326FAB716CABCF70096F6CB /* tbs@2x.png */; };
		8326FABC16CABCF70096F6CB /* tnt@2x.png in Resources */ = {isa = PBXBuildFile; fileRef = 8326FAB816CABCF70096F6CB /* tnt@2x.png */; };
		835BAA7916C6D91B00DE682F /* abc@2x.png in Resources */ = {isa = PBXBuildFile; fileRef = 835BAA5F16C6D91B00DE682F /* abc@2x.png */; };
		835BAA7A16C6D91B00DE682F /* cbs@2x.png in Resources */ = {isa = PBXBuildFile; fileRef = 835BAA6016C6D91B00DE682F /* cbs@2x.png */; };
		835BAA7B16C6D91B00DE682F /* cbsSports@2x.png in Resources */ = {isa = PBXBuildFile; fileRef = 835BAA6116C6D91B00DE682F /* cbsSports@2x.png */; };
		835BAA7C16C6D91B00DE682F /* cinemax@2x.png in Resources */ = {isa = PBXBuildFile; fileRef = 835BAA6216C6D91B00DE682F /* cinemax@2x.png */; };
		835BAA7D16C6D91B00DE682F /* cnn@2x.png in Resources */ = {isa = PBXBuildFile; fileRef = 835BAA6316C6D91B00DE682F /* cnn@2x.png */; };
		835BAA7E16C6D91B00DE682F /* espn2@2x.png in Resources */ = {isa = PBXBuildFile; fileRef = 835BAA6416C6D91B00DE682F /* espn2@2x.png */; };
		835BAA7F16C6D91B00DE682F /* espnews@2x.png in Resources */ = {isa = PBXBuildFile; fileRef = 835BAA6516C6D91B00DE682F /* espnews@2x.png */; };
		835BAA8016C6D91B00DE682F /* espnU@2x.png in Resources */ = {isa = PBXBuildFile; fileRef = 835BAA6616C6D91B00DE682F /* espnU@2x.png */; };
		835BAA8116C6D91B00DE682F /* fcs@2x.png in Resources */ = {isa = PBXBuildFile; fileRef = 835BAA6716C6D91B00DE682F /* fcs@2x.png */; };
		835BAA8216C6D91B00DE682F /* fox@2x.png in Resources */ = {isa = PBXBuildFile; fileRef = 835BAA6816C6D91B00DE682F /* fox@2x.png */; };
		835BAA8316C6D91B00DE682F /* foxBiz@2x.png in Resources */ = {isa = PBXBuildFile; fileRef = 835BAA6916C6D91B00DE682F /* foxBiz@2x.png */; };
		835BAA8416C6D91B00DE682F /* foxSports@2x.png in Resources */ = {isa = PBXBuildFile; fileRef = 835BAA6A16C6D91B00DE682F /* foxSports@2x.png */; };
		835BAA8516C6D91B00DE682F /* golf@2x.png in Resources */ = {isa = PBXBuildFile; fileRef = 835BAA6B16C6D91B00DE682F /* golf@2x.png */; };
		835BAA8616C6D91B00DE682F /* hbo@2x.png in Resources */ = {isa = PBXBuildFile; fileRef = 835BAA6C16C6D91B00DE682F /* hbo@2x.png */; };
		835BAA8716C6D91B00DE682F /* hbood@2x.png in Resources */ = {isa = PBXBuildFile; fileRef = 835BAA6D16C6D91B00DE682F /* hbood@2x.png */; };
		835BAA8816C6D91B00DE682F /* hln@2x.png in Resources */ = {isa = PBXBuildFile; fileRef = 835BAA6E16C6D91B00DE682F /* hln@2x.png */; };
		835BAA8916C6D91B00DE682F /* moviesOnDemand@2x.png in Resources */ = {isa = PBXBuildFile; fileRef = 835BAA6F16C6D91B00DE682F /* moviesOnDemand@2x.png */; };
		835BAA8A16C6D91B00DE682F /* msnbc@2x.png in Resources */ = {isa = PBXBuildFile; fileRef = 835BAA7016C6D91B00DE682F /* msnbc@2x.png */; };
		835BAA8B16C6D91B00DE682F /* nbc@2x.png in Resources */ = {isa = PBXBuildFile; fileRef = 835BAA7116C6D91B00DE682F /* nbc@2x.png */; };
		835BAA8C16C6D91B00DE682F /* nbcSports@2x.png in Resources */ = {isa = PBXBuildFile; fileRef = 835BAA7216C6D91B00DE682F /* nbcSports@2x.png */; };
		835BAA8D16C6D91B00DE682F /* nfl@2x.png in Resources */ = {isa = PBXBuildFile; fileRef = 835BAA7316C6D91B00DE682F /* nfl@2x.png */; };
		835BAA8E16C6D91B00DE682F /* pbs@2x.png in Resources */ = {isa = PBXBuildFile; fileRef = 835BAA7416C6D91B00DE682F /* pbs@2x.png */; };
		835BAA8F16C6D91B00DE682F /* redZone@2x.png in Resources */ = {isa = PBXBuildFile; fileRef = 835BAA7516C6D91B00DE682F /* redZone@2x.png */; };
		835BAA9016C6D91B00DE682F /* showtime@2x.png in Resources */ = {isa = PBXBuildFile; fileRef = 835BAA7616C6D91B00DE682F /* showtime@2x.png */; };
		835BAA9116C6D91B00DE682F /* tennis@2x.png in Resources */ = {isa = PBXBuildFile; fileRef = 835BAA7716C6D91B00DE682F /* tennis@2x.png */; };
		835BAA9216C6D91B00DE682F /* weatherChannel@2x.png in Resources */ = {isa = PBXBuildFile; fileRef = 835BAA7816C6D91B00DE682F /* weatherChannel@2x.png */; };
		838CB17E16E2D2CA001BE046 /* BluRay.m in Sources */ = {isa = PBXBuildFile; fileRef = 838CB17D16E2D2CA001BE046 /* BluRay.m */; };
		83996A8B16C98ADA00361F18 /* scenesHeader@2x.png in Resources */ = {isa = PBXBuildFile; fileRef = 83996A8A16C98ADA00361F18 /* scenesHeader@2x.png */; };
		83996A8E16C995D800361F18 /* inputs@2x.png in Resources */ = {isa = PBXBuildFile; fileRef = 83996A8C16C995D800361F18 /* inputs@2x.png */; };
		83996A8F16C995D800361F18 /* rotate@2x.png in Resources */ = {isa = PBXBuildFile; fileRef = 83996A8D16C995D800361F18 /* rotate@2x.png */; };
		839F60F316CB32110011CD6C /* scene_allOff_large@2x.png in Resources */ = {isa = PBXBuildFile; fileRef = 839F60EC16CB32110011CD6C /* scene_allOff_large@2x.png */; };
		839F60F416CB32110011CD6C /* scene_appleTV_large@2x.png in Resources */ = {isa = PBXBuildFile; fileRef = 839F60ED16CB32110011CD6C /* scene_appleTV_large@2x.png */; };
		839F60F516CB32110011CD6C /* scene_bluRay_large@2x.png in Resources */ = {isa = PBXBuildFile; fileRef = 839F60EE16CB32110011CD6C /* scene_bluRay_large@2x.png */; };
		839F60F616CB32110011CD6C /* scene_centerTV_large@2x.png in Resources */ = {isa = PBXBuildFile; fileRef = 839F60EF16CB32110011CD6C /* scene_centerTV_large@2x.png */; };
		839F60F716CB32110011CD6C /* scene_macMini_large@2x.png in Resources */ = {isa = PBXBuildFile; fileRef = 839F60F016CB32110011CD6C /* scene_macMini_large@2x.png */; };
		839F60F816CB32110011CD6C /* scene_recording_large@2x.png in Resources */ = {isa = PBXBuildFile; fileRef = 839F60F116CB32110011CD6C /* scene_recording_large@2x.png */; };
		839F60F916CB32110011CD6C /* scene_sportsBar_large@2x.png in Resources */ = {isa = PBXBuildFile; fileRef = 839F60F216CB32110011CD6C /* scene_sportsBar_large@2x.png */; };
		839F60FA16CB41500011CD6C /* Default-568h@2x.png in Resources */ = {isa = PBXBuildFile; fileRef = 835BE79E16209881000484E7 /* Default-568h@2x.png */; };
		83C714F116C34818007747AD /* QuartzCore.framework in Frameworks */ = {isa = PBXBuildFile; fileRef = 83C714F016C34818007747AD /* QuartzCore.framework */; };
		83CA6A3A16C58FF0002775C0 /* Icon@2x.png in Resources */ = {isa = PBXBuildFile; fileRef = 83CA6A3916C58FF0002775C0 /* Icon@2x.png */; };
		83CA6A3C16C58FF3002775C0 /* Icon.png in Resources */ = {isa = PBXBuildFile; fileRef = 83CA6A3B16C58FF3002775C0 /* Icon.png */; };
		83CA6A4516C590AD002775C0 /* Icon-72.png in Resources */ = {isa = PBXBuildFile; fileRef = 83CA6A3D16C590AD002775C0 /* Icon-72.png */; };
		83CA6A4616C590AD002775C0 /* Icon-72@2x.png in Resources */ = {isa = PBXBuildFile; fileRef = 83CA6A3E16C590AD002775C0 /* Icon-72@2x.png */; };
		83CA6A4716C590AD002775C0 /* Icon-Small-50.png in Resources */ = {isa = PBXBuildFile; fileRef = 83CA6A3F16C590AD002775C0 /* Icon-Small-50.png */; };
		83CA6A4816C590AD002775C0 /* Icon-Small-50@2x.png in Resources */ = {isa = PBXBuildFile; fileRef = 83CA6A4016C590AD002775C0 /* Icon-Small-50@2x.png */; };
		83CA6A4916C590AD002775C0 /* Icon-Small.png in Resources */ = {isa = PBXBuildFile; fileRef = 83CA6A4116C590AD002775C0 /* Icon-Small.png */; };
		83CA6A4A16C590AD002775C0 /* Icon-Small@2x.png in Resources */ = {isa = PBXBuildFile; fileRef = 83CA6A4216C590AD002775C0 /* Icon-Small@2x.png */; };
		83CA6A4B16C590AD002775C0 /* iTunesArtwork.png in Resources */ = {isa = PBXBuildFile; fileRef = 83CA6A4316C590AD002775C0 /* iTunesArtwork.png */; };
		83CA6A4C16C590AD002775C0 /* iTunesArtwork@2x.png in Resources */ = {isa = PBXBuildFile; fileRef = 83CA6A4416C590AD002775C0 /* iTunesArtwork@2x.png */; };
		83EDEF5315C2F4C200588FEA /* CFNetwork.framework in Frameworks */ = {isa = PBXBuildFile; fileRef = 83EDEF5215C2F4C200588FEA /* CFNetwork.framework */; };
		83EDEF5A15C2F50E00588FEA /* Security.framework in Frameworks */ = {isa = PBXBuildFile; fileRef = 83EDEF5915C2F50E00588FEA /* Security.framework */; };
		83EDEF5A15C2F50E00588FF0 /* TimeWarnerDVR.m in Sources */ = {isa = PBXBuildFile; fileRef = 83EDEF5A15C2F50E00588FEF /* TimeWarnerDVR.m */; };
		83EDEF5A15C2F50E00588FF4 /* PanasonicPlasmaTV.m in Sources */ = {isa = PBXBuildFile; fileRef = 83EDEF5A15C2F50E00588FF3 /* PanasonicPlasmaTV.m */; };
		83EDEF5A15C2F50E00588FFA /* RemoteVc_iPhone.m in Sources */ = {isa = PBXBuildFile; fileRef = 83EDEF5A15C2F50E00588FF9 /* RemoteVc_iPhone.m */; };
		83EDEF5A15C2F50E00588FFC /* RemoteVc_iPhone.xib in Resources */ = {isa = PBXBuildFile; fileRef = 83EDEF5A15C2F50E00588FFB /* RemoteVc_iPhone.xib */; };
		83EDEF5A15C2F50E00589009 /* DvrVc_iPhone.m in Sources */ = {isa = PBXBuildFile; fileRef = 83EDEF5A15C2F50E00589008 /* DvrVc_iPhone.m */; };
		83EDEF5A15C2F50E0058900B /* DvrVc_iPhone.xib in Resources */ = {isa = PBXBuildFile; fileRef = 83EDEF5A15C2F50E0058900A /* DvrVc_iPhone.xib */; };
		83F2B42416C43BB200993AC9 /* pac12@2x.png in Resources */ = {isa = PBXBuildFile; fileRef = 83F2B42316C43BB200993AC9 /* pac12@2x.png */; };
		83F2B42616C4464600993AC9 /* fsw@2x.png in Resources */ = {isa = PBXBuildFile; fileRef = 83F2B42516C4464600993AC9 /* fsw@2x.png */; };
		83F2B42A16C44BE300993AC9 /* TvVolumeVc_iPhone.m in Sources */ = {isa = PBXBuildFile; fileRef = 83F2B42816C44BE300993AC9 /* TvVolumeVc_iPhone.m */; };
		83F2B42B16C44BE300993AC9 /* TvVolumeVc_iPhone.xib in Resources */ = {isa = PBXBuildFile; fileRef = 83F2B42916C44BE300993AC9 /* TvVolumeVc_iPhone.xib */; };
/* End PBXBuildFile section */

/* Begin PBXContainerItemProxy section */
		76E7C73286F44FD20C7CCA53 /* PBXContainerItemProxy */ = {
			isa = PBXContainerItemProxy;
			containerPortal = 76E7C73286F44FD20C7CCA25 /* Project object */;
			proxyType = 1;
			remoteGlobalIDString = 76E7C73286F44FD20C7CCA2C;
			remoteInfo = JonesRemote;
		};
/* End PBXContainerItemProxy section */

/* Begin PBXFileReference section */
		5A416014B6C245D75E364C0E /* tv_left@2x.png */ = {isa = PBXFileReference; lastKnownFileType = image.png; path = "tv_left@2x.png"; sourceTree = "<group>"; };
		5A41602B31AA2BD0E08F72BC /* BluRayVc_iPhone.xib */ = {isa = PBXFileReference; lastKnownFileType = file.xib; path = BluRayVc_iPhone.xib; sourceTree = "<group>"; };
		5A416064A23E7AFD13EF4263 /* audio_3@2x.png */ = {isa = PBXFileReference; lastKnownFileType = image.png; path = "audio_3@2x.png"; sourceTree = "<group>"; };
		5A4160EEFFF46BC345B52E44 /* AssignmentVc_iPhone.h */ = {isa = PBXFileReference; fileEncoding = 4; lastKnownFileType = sourcecode.c.h; path = AssignmentVc_iPhone.h; sourceTree = "<group>"; };
		5A4161F89D607E27C84051A8 /* bbi@2x.png */ = {isa = PBXFileReference; lastKnownFileType = image.png; path = "bbi@2x.png"; sourceTree = "<group>"; };
		5A4163697DCE59418166FE95 /* AssignmentRowControl.m */ = {isa = PBXFileReference; fileEncoding = 4; lastKnownFileType = sourcecode.c.objc; path = AssignmentRowControl.m; sourceTree = "<group>"; };
		5A41639EB1D121A764FA269B /* audio_1@2x.png */ = {isa = PBXFileReference; lastKnownFileType = image.png; path = "audio_1@2x.png"; sourceTree = "<group>"; };
		5A4163CAA638F584E0200545 /* AssignmentRowControl.h */ = {isa = PBXFileReference; fileEncoding = 4; lastKnownFileType = sourcecode.c.h; path = AssignmentRowControl.h; sourceTree = "<group>"; };
		5A4164062C5B88FDA485F7F7 /* BluRayVc_iPhone.h */ = {isa = PBXFileReference; fileEncoding = 4; lastKnownFileType = sourcecode.c.h; path = BluRayVc_iPhone.h; sourceTree = "<group>"; };
		5A416410D4DE560F763AB05A /* bbi_highlighted@2x.png */ = {isa = PBXFileReference; lastKnownFileType = image.png; path = "bbi_highlighted@2x.png"; sourceTree = "<group>"; };
		5A4165FB88EC38AC51F5F555 /* audio_2@2x.png */ = {isa = PBXFileReference; lastKnownFileType = image.png; path = "audio_2@2x.png"; sourceTree = "<group>"; };
		5A41660672C0B1358027BAAB /* BluRayVc_iPhone.m */ = {isa = PBXFileReference; fileEncoding = 4; lastKnownFileType = sourcecode.c.objc; path = BluRayVc_iPhone.m; sourceTree = "<group>"; };
		5A41662E020FAEF909CD611F /* Theme.h */ = {isa = PBXFileReference; fileEncoding = 4; lastKnownFileType = sourcecode.c.h; path = Theme.h; sourceTree = "<group>"; };
		5A41663267F21E137437D8EF /* tv_center@2x.png */ = {isa = PBXFileReference; lastKnownFileType = image.png; path = "tv_center@2x.png"; sourceTree = "<group>"; };
		5A4167118CD0F7D34CF91F8B /* tv_right@2x.png */ = {isa = PBXFileReference; lastKnownFileType = image.png; path = "tv_right@2x.png"; sourceTree = "<group>"; };
		5A41674A89BAB93AFFA2ED65 /* Theme.m */ = {isa = PBXFileReference; fileEncoding = 4; lastKnownFileType = sourcecode.c.objc; path = Theme.m; sourceTree = "<group>"; };
		5A4167C661088C3AC04FDF28 /* back_bbi@2x.png */ = {isa = PBXFileReference; lastKnownFileType = image.png; path = "back_bbi@2x.png"; sourceTree = "<group>"; };
		5A416808BF007781CCDFA8F6 /* back_bbi_highlighted@2x.png */ = {isa = PBXFileReference; lastKnownFileType = image.png; path = "back_bbi_highlighted@2x.png"; sourceTree = "<group>"; };
		5A41692C498DDF579E17ECB7 /* arrow_R_highlighted@2x.png */ = {isa = PBXFileReference; lastKnownFileType = image.png; path = "arrow_R_highlighted@2x.png"; sourceTree = "<group>"; };
		5A4169CA5D12C7B05A98E5EA /* AssignmentVc_iPhone.m */ = {isa = PBXFileReference; fileEncoding = 4; lastKnownFileType = sourcecode.c.objc; path = AssignmentVc_iPhone.m; sourceTree = "<group>"; };
		5A416A36EAD521B221263A9E /* espn@2x.png */ = {isa = PBXFileReference; lastKnownFileType = image.png; path = "espn@2x.png"; sourceTree = "<group>"; };
		5A416B49F30546A071806FF2 /* arrow_L@2x.png */ = {isa = PBXFileReference; lastKnownFileType = image.png; path = "arrow_L@2x.png"; sourceTree = "<group>"; };
		5A416BC523B369E57FF0F6E4 /* AssignmentButton.m */ = {isa = PBXFileReference; fileEncoding = 4; lastKnownFileType = sourcecode.c.objc; path = AssignmentButton.m; sourceTree = "<group>"; };
		5A416BD17BF5E5D82DB7D65F /* arrow_L_highlighted@2x.png */ = {isa = PBXFileReference; lastKnownFileType = image.png; path = "arrow_L_highlighted@2x.png"; sourceTree = "<group>"; };
		5A416C5C2AF2453BB8E37526 /* AssignmentButton.h */ = {isa = PBXFileReference; fileEncoding = 4; lastKnownFileType = sourcecode.c.h; path = AssignmentButton.h; sourceTree = "<group>"; };
		5A416D5EE8F2D8C189771E93 /* AssignmentVc_iPhone.xib */ = {isa = PBXFileReference; lastKnownFileType = file.xib; path = AssignmentVc_iPhone.xib; sourceTree = "<group>"; };
		5A416DC3ECC9F936DC799019 /* AssignmentButtonBg@2x.png */ = {isa = PBXFileReference; lastKnownFileType = image.png; path = "AssignmentButtonBg@2x.png"; sourceTree = "<group>"; };
		5A416FA6FB96B844F5516630 /* arrow_R@2x.png */ = {isa = PBXFileReference; lastKnownFileType = image.png; path = "arrow_R@2x.png"; sourceTree = "<group>"; };
		5A416FFA07329CFB2F71FE9D /* AssignmentButtonBg_highlighted@2x.png */ = {isa = PBXFileReference; lastKnownFileType = image.png; path = "AssignmentButtonBg_highlighted@2x.png"; sourceTree = "<group>"; };
		76E7C73286F44FD20C7CCA2B /* Jones Remote.app */ = {isa = PBXFileReference; explicitFileType = wrapper.application; includeInIndex = 0; path = "Jones Remote.app"; sourceTree = BUILT_PRODUCTS_DIR; };
		76E7C73286F44FD20C7CCA34 /* UIKit.framework */ = {isa = PBXFileReference; lastKnownFileType = wrapper.framework; name = UIKit.framework; path = System/Library/Frameworks/UIKit.framework; sourceTree = SDKROOT; };
		76E7C73286F44FD20C7CCA36 /* Foundation.framework */ = {isa = PBXFileReference; lastKnownFileType = wrapper.framework; name = Foundation.framework; path = System/Library/Frameworks/Foundation.framework; sourceTree = SDKROOT; };
		76E7C73286F44FD20C7CCA38 /* CoreGraphics.framework */ = {isa = PBXFileReference; lastKnownFileType = wrapper.framework; name = CoreGraphics.framework; path = System/Library/Frameworks/CoreGraphics.framework; sourceTree = SDKROOT; };
		76E7C73286F44FD20C7CCA3C /* JonesRemote-Info.plist */ = {isa = PBXFileReference; lastKnownFileType = text.plist.info; path = "JonesRemote-Info.plist"; sourceTree = "<group>"; };
		76E7C73286F44FD20C7CCA3D /* en */ = {isa = PBXFileReference; lastKnownFileType = text.plist.strings; name = en; path = en.lproj/InfoPlist.strings; sourceTree = "<group>"; };
		76E7C73286F44FD20C7CCA40 /* main.m */ = {isa = PBXFileReference; lastKnownFileType = sourcecode.c.objc; path = main.m; sourceTree = "<group>"; };
		76E7C73286F44FD20C7CCA42 /* JonesRemote-Prefix.pch */ = {isa = PBXFileReference; lastKnownFileType = sourcecode.c.h; path = "JonesRemote-Prefix.pch"; sourceTree = "<group>"; };
		76E7C73286F44FD20C7CCA43 /* AppDelegate.h */ = {isa = PBXFileReference; lastKnownFileType = sourcecode.c.h; path = AppDelegate.h; sourceTree = "<group>"; };
		76E7C73286F44FD20C7CCA44 /* AppDelegate.m */ = {isa = PBXFileReference; lastKnownFileType = sourcecode.c.objc; path = AppDelegate.m; sourceTree = "<group>"; };
		76E7C73286F44FD20C7CCA46 /* JonesRemoteTests.octest */ = {isa = PBXFileReference; explicitFileType = wrapper.cfbundle; includeInIndex = 0; path = JonesRemoteTests.octest; sourceTree = BUILT_PRODUCTS_DIR; };
		76E7C73286F44FD20C7CCA4F /* SenTestingKit.framework */ = {isa = PBXFileReference; lastKnownFileType = wrapper.framework; name = SenTestingKit.framework; path = Library/Frameworks/SenTestingKit.framework; sourceTree = DEVELOPER_DIR; };
		76E7C73286F44FD20C7CCA57 /* JonesRemoteTests-Info.plist */ = {isa = PBXFileReference; lastKnownFileType = text.plist.info; path = "JonesRemoteTests-Info.plist"; sourceTree = "<group>"; };
		76E7C73286F44FD20C7CCA58 /* en */ = {isa = PBXFileReference; lastKnownFileType = text.plist.strings; name = en; path = en.lproj/InfoPlist.strings; sourceTree = "<group>"; };
		76E7C73286F44FD20C7CCA5B /* JonesRemoteTests.h */ = {isa = PBXFileReference; lastKnownFileType = sourcecode.c.h; path = JonesRemoteTests.h; sourceTree = "<group>"; };
		76E7C73286F44FD20C7CCA5C /* JonesRemoteTests.m */ = {isa = PBXFileReference; lastKnownFileType = sourcecode.c.objc; path = JonesRemoteTests.m; sourceTree = "<group>"; };
		76E7C73286F44FD20C7CCA7F /* SceneVc_iPhone.h */ = {isa = PBXFileReference; fileEncoding = 4; lastKnownFileType = sourcecode.c.h; path = SceneVc_iPhone.h; sourceTree = "<group>"; };
		76E7C73286F44FD20C7CCA80 /* SceneVc_iPhone.m */ = {isa = PBXFileReference; fileEncoding = 4; lastKnownFileType = sourcecode.c.objc; path = SceneVc_iPhone.m; sourceTree = "<group>"; };
		76E7C73286F44FD20C7CCA82 /* SceneVc_iPhone.xib */ = {isa = PBXFileReference; lastKnownFileType = file.xib; path = SceneVc_iPhone.xib; sourceTree = "<group>"; };
		76E7C73286F44FD20C7CCA84 /* Alternate-Gothic-No2.ttf */ = {isa = PBXFileReference; lastKnownFileType = file; path = "Alternate-Gothic-No2.ttf"; sourceTree = "<group>"; };
		76E7C73286F44FD20C7CCA99 /* CommandCenter.m */ = {isa = PBXFileReference; fileEncoding = 4; lastKnownFileType = sourcecode.c.objc; path = CommandCenter.m; sourceTree = "<group>"; };
		76E7C73286F44FD20C7CCA9B /* CommandCenter.h */ = {isa = PBXFileReference; fileEncoding = 4; lastKnownFileType = sourcecode.c.h; path = CommandCenter.h; sourceTree = "<group>"; };
		76E7C73286F44FD20C7CCA9C /* MatrixEnum.h */ = {isa = PBXFileReference; fileEncoding = 4; lastKnownFileType = sourcecode.c.h; path = MatrixEnum.h; sourceTree = "<group>"; };
		76E7C73286F44FD20C7CCAA2 /* GCDAsyncSocket.h */ = {isa = PBXFileReference; fileEncoding = 4; lastKnownFileType = sourcecode.c.h; path = GCDAsyncSocket.h; sourceTree = "<group>"; };
		76E7C73286F44FD20C7CCAA3 /* GCDAsyncSocket.m */ = {isa = PBXFileReference; fileEncoding = 4; lastKnownFileType = sourcecode.c.objc; path = GCDAsyncSocket.m; sourceTree = "<group>"; };
		8326FA9F16CAB12B0096F6CB /* scene_allOff@2x.png */ = {isa = PBXFileReference; lastKnownFileType = image.png; path = "scene_allOff@2x.png"; sourceTree = "<group>"; };
		8326FAA016CAB12B0096F6CB /* scene_appleTv@2x.png */ = {isa = PBXFileReference; lastKnownFileType = image.png; path = "scene_appleTv@2x.png"; sourceTree = "<group>"; };
		8326FAA116CAB12B0096F6CB /* scene_bluRay@2x.png */ = {isa = PBXFileReference; lastKnownFileType = image.png; path = "scene_bluRay@2x.png"; sourceTree = "<group>"; };
		8326FAA216CAB12B0096F6CB /* scene_centerTv@2x.png */ = {isa = PBXFileReference; lastKnownFileType = image.png; path = "scene_centerTv@2x.png"; sourceTree = "<group>"; };
		8326FAA316CAB12B0096F6CB /* scene_leftTv@2x.png */ = {isa = PBXFileReference; lastKnownFileType = image.png; path = "scene_leftTv@2x.png"; sourceTree = "<group>"; };
		8326FAA416CAB12B0096F6CB /* scene_macMini@2x.png */ = {isa = PBXFileReference; lastKnownFileType = image.png; path = "scene_macMini@2x.png"; sourceTree = "<group>"; };
		8326FAA516CAB12B0096F6CB /* scene_music@2x.png */ = {isa = PBXFileReference; lastKnownFileType = image.png; path = "scene_music@2x.png"; sourceTree = "<group>"; };
		8326FAA616CAB12B0096F6CB /* scene_recording@2x.png */ = {isa = PBXFileReference; lastKnownFileType = image.png; path = "scene_recording@2x.png"; sourceTree = "<group>"; };
		8326FAA716CAB12B0096F6CB /* scene_rightTv@2x.png */ = {isa = PBXFileReference; lastKnownFileType = image.png; path = "scene_rightTv@2x.png"; sourceTree = "<group>"; };
		8326FAA816CAB12B0096F6CB /* scene_sportsBar@2x.png */ = {isa = PBXFileReference; lastKnownFileType = image.png; path = "scene_sportsBar@2x.png"; sourceTree = "<group>"; };
		8326FAB316CAB1830096F6CB /* inputs_highlighted@2x.png */ = {isa = PBXFileReference; lastKnownFileType = image.png; path = "inputs_highlighted@2x.png"; sourceTree = "<group>"; };
		8326FAB516CABCF70096F6CB /* bbc@2x.png */ = {isa = PBXFileReference; lastKnownFileType = image.png; path = "bbc@2x.png"; sourceTree = "<group>"; };
		8326FAB616CABCF70096F6CB /* fx@2x.png */ = {isa = PBXFileReference; lastKnownFileType = image.png; path = "fx@2x.png"; sourceTree = "<group>"; };
		8326FAB716CABCF70096F6CB /* tbs@2x.png */ = {isa = PBXFileReference; lastKnownFileType = image.png; path = "tbs@2x.png"; sourceTree = "<group>"; };
		8326FAB816CABCF70096F6CB /* tnt@2x.png */ = {isa = PBXFileReference; lastKnownFileType = image.png; path = "tnt@2x.png"; sourceTree = "<group>"; };
		835BAA5F16C6D91B00DE682F /* abc@2x.png */ = {isa = PBXFileReference; lastKnownFileType = image.png; path = "abc@2x.png"; sourceTree = "<group>"; };
		835BAA6016C6D91B00DE682F /* cbs@2x.png */ = {isa = PBXFileReference; lastKnownFileType = image.png; path = "cbs@2x.png"; sourceTree = "<group>"; };
		835BAA6116C6D91B00DE682F /* cbsSports@2x.png */ = {isa = PBXFileReference; lastKnownFileType = image.png; path = "cbsSports@2x.png"; sourceTree = "<group>"; };
		835BAA6216C6D91B00DE682F /* cinemax@2x.png */ = {isa = PBXFileReference; lastKnownFileType = image.png; path = "cinemax@2x.png"; sourceTree = "<group>"; };
		835BAA6316C6D91B00DE682F /* cnn@2x.png */ = {isa = PBXFileReference; lastKnownFileType = image.png; path = "cnn@2x.png"; sourceTree = "<group>"; };
		835BAA6416C6D91B00DE682F /* espn2@2x.png */ = {isa = PBXFileReference; lastKnownFileType = image.png; path = "espn2@2x.png"; sourceTree = "<group>"; };
		835BAA6516C6D91B00DE682F /* espnews@2x.png */ = {isa = PBXFileReference; lastKnownFileType = image.png; path = "espnews@2x.png"; sourceTree = "<group>"; };
		835BAA6616C6D91B00DE682F /* espnU@2x.png */ = {isa = PBXFileReference; lastKnownFileType = image.png; path = "espnU@2x.png"; sourceTree = "<group>"; };
		835BAA6716C6D91B00DE682F /* fcs@2x.png */ = {isa = PBXFileReference; lastKnownFileType = image.png; path = "fcs@2x.png"; sourceTree = "<group>"; };
		835BAA6816C6D91B00DE682F /* fox@2x.png */ = {isa = PBXFileReference; lastKnownFileType = image.png; path = "fox@2x.png"; sourceTree = "<group>"; };
		835BAA6916C6D91B00DE682F /* foxBiz@2x.png */ = {isa = PBXFileReference; lastKnownFileType = image.png; path = "foxBiz@2x.png"; sourceTree = "<group>"; };
		835BAA6A16C6D91B00DE682F /* foxSports@2x.png */ = {isa = PBXFileReference; lastKnownFileType = image.png; path = "foxSports@2x.png"; sourceTree = "<group>"; };
		835BAA6B16C6D91B00DE682F /* golf@2x.png */ = {isa = PBXFileReference; lastKnownFileType = image.png; path = "golf@2x.png"; sourceTree = "<group>"; };
		835BAA6C16C6D91B00DE682F /* hbo@2x.png */ = {isa = PBXFileReference; lastKnownFileType = image.png; path = "hbo@2x.png"; sourceTree = "<group>"; };
		835BAA6D16C6D91B00DE682F /* hbood@2x.png */ = {isa = PBXFileReference; lastKnownFileType = image.png; path = "hbood@2x.png"; sourceTree = "<group>"; };
		835BAA6E16C6D91B00DE682F /* hln@2x.png */ = {isa = PBXFileReference; lastKnownFileType = image.png; path = "hln@2x.png"; sourceTree = "<group>"; };
		835BAA6F16C6D91B00DE682F /* moviesOnDemand@2x.png */ = {isa = PBXFileReference; lastKnownFileType = image.png; path = "moviesOnDemand@2x.png"; sourceTree = "<group>"; };
		835BAA7016C6D91B00DE682F /* msnbc@2x.png */ = {isa = PBXFileReference; lastKnownFileType = image.png; path = "msnbc@2x.png"; sourceTree = "<group>"; };
		835BAA7116C6D91B00DE682F /* nbc@2x.png */ = {isa = PBXFileReference; lastKnownFileType = image.png; path = "nbc@2x.png"; sourceTree = "<group>"; };
		835BAA7216C6D91B00DE682F /* nbcSports@2x.png */ = {isa = PBXFileReference; lastKnownFileType = image.png; path = "nbcSports@2x.png"; sourceTree = "<group>"; };
		835BAA7316C6D91B00DE682F /* nfl@2x.png */ = {isa = PBXFileReference; lastKnownFileType = image.png; path = "nfl@2x.png"; sourceTree = "<group>"; };
		835BAA7416C6D91B00DE682F /* pbs@2x.png */ = {isa = PBXFileReference; lastKnownFileType = image.png; path = "pbs@2x.png"; sourceTree = "<group>"; };
		835BAA7516C6D91B00DE682F /* redZone@2x.png */ = {isa = PBXFileReference; lastKnownFileType = image.png; path = "redZone@2x.png"; sourceTree = "<group>"; };
		835BAA7616C6D91B00DE682F /* showtime@2x.png */ = {isa = PBXFileReference; lastKnownFileType = image.png; path = "showtime@2x.png"; sourceTree = "<group>"; };
		835BAA7716C6D91B00DE682F /* tennis@2x.png */ = {isa = PBXFileReference; lastKnownFileType = image.png; path = "tennis@2x.png"; sourceTree = "<group>"; };
		835BAA7816C6D91B00DE682F /* weatherChannel@2x.png */ = {isa = PBXFileReference; lastKnownFileType = image.png; path = "weatherChannel@2x.png"; sourceTree = "<group>"; };
		835BE79E16209881000484E7 /* Default-568h@2x.png */ = {isa = PBXFileReference; lastKnownFileType = image.png; path = "Default-568h@2x.png"; sourceTree = "<group>"; };
		838CB17C16E2D2CA001BE046 /* BluRay.h */ = {isa = PBXFileReference; fileEncoding = 4; lastKnownFileType = sourcecode.c.h; path = BluRay.h; sourceTree = "<group>"; };
		838CB17D16E2D2CA001BE046 /* BluRay.m */ = {isa = PBXFileReference; fileEncoding = 4; lastKnownFileType = sourcecode.c.objc; path = BluRay.m; sourceTree = "<group>"; };
		83996A8A16C98ADA00361F18 /* scenesHeader@2x.png */ = {isa = PBXFileReference; lastKnownFileType = image.png; path = "scenesHeader@2x.png"; sourceTree = "<group>"; };
		83996A8C16C995D800361F18 /* inputs@2x.png */ = {isa = PBXFileReference; lastKnownFileType = image.png; path = "inputs@2x.png"; sourceTree = "<group>"; };
		83996A8D16C995D800361F18 /* rotate@2x.png */ = {isa = PBXFileReference; lastKnownFileType = image.png; path = "rotate@2x.png"; sourceTree = "<group>"; };
		839F60EC16CB32110011CD6C /* scene_allOff_large@2x.png */ = {isa = PBXFileReference; lastKnownFileType = image.png; path = "scene_allOff_large@2x.png"; sourceTree = "<group>"; };
		839F60ED16CB32110011CD6C /* scene_appleTV_large@2x.png */ = {isa = PBXFileReference; lastKnownFileType = image.png; path = "scene_appleTV_large@2x.png"; sourceTree = "<group>"; };
		839F60EE16CB32110011CD6C /* scene_bluRay_large@2x.png */ = {isa = PBXFileReference; lastKnownFileType = image.png; path = "scene_bluRay_large@2x.png"; sourceTree = "<group>"; };
		839F60EF16CB32110011CD6C /* scene_centerTV_large@2x.png */ = {isa = PBXFileReference; lastKnownFileType = image.png; path = "scene_centerTV_large@2x.png"; sourceTree = "<group>"; };
		839F60F016CB32110011CD6C /* scene_macMini_large@2x.png */ = {isa = PBXFileReference; lastKnownFileType = image.png; path = "scene_macMini_large@2x.png"; sourceTree = "<group>"; };
		839F60F116CB32110011CD6C /* scene_recording_large@2x.png */ = {isa = PBXFileReference; lastKnownFileType = image.png; path = "scene_recording_large@2x.png"; sourceTree = "<group>"; };
		839F60F216CB32110011CD6C /* scene_sportsBar_large@2x.png */ = {isa = PBXFileReference; lastKnownFileType = image.png; path = "scene_sportsBar_large@2x.png"; sourceTree = "<group>"; };
		83C714F016C34818007747AD /* QuartzCore.framework */ = {isa = PBXFileReference; lastKnownFileType = wrapper.framework; name = QuartzCore.framework; path = System/Library/Frameworks/QuartzCore.framework; sourceTree = SDKROOT; };
		83CA6A3916C58FF0002775C0 /* Icon@2x.png */ = {isa = PBXFileReference; lastKnownFileType = image.png; path = "Icon@2x.png"; sourceTree = "<group>"; };
		83CA6A3B16C58FF3002775C0 /* Icon.png */ = {isa = PBXFileReference; lastKnownFileType = image.png; path = Icon.png; sourceTree = "<group>"; };
		83CA6A3D16C590AD002775C0 /* Icon-72.png */ = {isa = PBXFileReference; lastKnownFileType = image.png; path = "Icon-72.png"; sourceTree = "<group>"; };
		83CA6A3E16C590AD002775C0 /* Icon-72@2x.png */ = {isa = PBXFileReference; lastKnownFileType = image.png; path = "Icon-72@2x.png"; sourceTree = "<group>"; };
		83CA6A3F16C590AD002775C0 /* Icon-Small-50.png */ = {isa = PBXFileReference; lastKnownFileType = image.png; path = "Icon-Small-50.png"; sourceTree = "<group>"; };
		83CA6A4016C590AD002775C0 /* Icon-Small-50@2x.png */ = {isa = PBXFileReference; lastKnownFileType = image.png; path = "Icon-Small-50@2x.png"; sourceTree = "<group>"; };
		83CA6A4116C590AD002775C0 /* Icon-Small.png */ = {isa = PBXFileReference; lastKnownFileType = image.png; path = "Icon-Small.png"; sourceTree = "<group>"; };
		83CA6A4216C590AD002775C0 /* Icon-Small@2x.png */ = {isa = PBXFileReference; lastKnownFileType = image.png; path = "Icon-Small@2x.png"; sourceTree = "<group>"; };
		83CA6A4316C590AD002775C0 /* iTunesArtwork.png */ = {isa = PBXFileReference; lastKnownFileType = image.png; path = iTunesArtwork.png; sourceTree = "<group>"; };
		83CA6A4416C590AD002775C0 /* iTunesArtwork@2x.png */ = {isa = PBXFileReference; lastKnownFileType = image.png; path = "iTunesArtwork@2x.png"; sourceTree = "<group>"; };
		83CA6A4D16C590DB002775C0 /* Default@2x.png */ = {isa = PBXFileReference; lastKnownFileType = image.png; path = "Default@2x.png"; sourceTree = SOURCE_ROOT; };
		83CA6A4F16C5914D002775C0 /* Default.png */ = {isa = PBXFileReference; lastKnownFileType = image.png; path = Default.png; sourceTree = "<group>"; };
		83EDEF5215C2F4C200588FEA /* CFNetwork.framework */ = {isa = PBXFileReference; lastKnownFileType = wrapper.framework; name = CFNetwork.framework; path = System/Library/Frameworks/CFNetwork.framework; sourceTree = SDKROOT; };
		83EDEF5915C2F50E00588FEA /* Security.framework */ = {isa = PBXFileReference; lastKnownFileType = wrapper.framework; name = Security.framework; path = System/Library/Frameworks/Security.framework; sourceTree = SDKROOT; };
		83EDEF5A15C2F50E00588FEC /* JTLSingleton.h */ = {isa = PBXFileReference; fileEncoding = 4; lastKnownFileType = sourcecode.c.h; path = JTLSingleton.h; sourceTree = "<group>"; };
		83EDEF5A15C2F50E00588FED /* IRHardware.h */ = {isa = PBXFileReference; fileEncoding = 4; lastKnownFileType = sourcecode.c.h; path = IRHardware.h; sourceTree = "<group>"; };
		83EDEF5A15C2F50E00588FEF /* TimeWarnerDVR.m */ = {isa = PBXFileReference; fileEncoding = 4; lastKnownFileType = sourcecode.c.objc; path = TimeWarnerDVR.m; sourceTree = "<group>"; };
		83EDEF5A15C2F50E00588FF1 /* TimeWarnerDVR.h */ = {isa = PBXFileReference; fileEncoding = 4; lastKnownFileType = sourcecode.c.h; path = TimeWarnerDVR.h; sourceTree = "<group>"; };
		83EDEF5A15C2F50E00588FF2 /* IREnum.h */ = {isa = PBXFileReference; fileEncoding = 4; lastKnownFileType = sourcecode.c.h; path = IREnum.h; sourceTree = "<group>"; };
		83EDEF5A15C2F50E00588FF3 /* PanasonicPlasmaTV.m */ = {isa = PBXFileReference; fileEncoding = 4; lastKnownFileType = sourcecode.c.objc; path = PanasonicPlasmaTV.m; sourceTree = "<group>"; };
		83EDEF5A15C2F50E00588FF5 /* PanasonicPlasmaTV.h */ = {isa = PBXFileReference; fileEncoding = 4; lastKnownFileType = sourcecode.c.h; path = PanasonicPlasmaTV.h; sourceTree = "<group>"; };
		83EDEF5A15C2F50E00588FF8 /* RemoteVc_iPhone.h */ = {isa = PBXFileReference; fileEncoding = 4; lastKnownFileType = sourcecode.c.h; path = RemoteVc_iPhone.h; sourceTree = "<group>"; };
		83EDEF5A15C2F50E00588FF9 /* RemoteVc_iPhone.m */ = {isa = PBXFileReference; fileEncoding = 4; lastKnownFileType = sourcecode.c.objc; path = RemoteVc_iPhone.m; sourceTree = "<group>"; };
		83EDEF5A15C2F50E00588FFB /* RemoteVc_iPhone.xib */ = {isa = PBXFileReference; lastKnownFileType = file.xib; path = RemoteVc_iPhone.xib; sourceTree = "<group>"; };
		83EDEF5A15C2F50E00589007 /* DvrVc_iPhone.h */ = {isa = PBXFileReference; fileEncoding = 4; lastKnownFileType = sourcecode.c.h; path = DvrVc_iPhone.h; sourceTree = "<group>"; };
		83EDEF5A15C2F50E00589008 /* DvrVc_iPhone.m */ = {isa = PBXFileReference; fileEncoding = 4; lastKnownFileType = sourcecode.c.objc; path = DvrVc_iPhone.m; sourceTree = "<group>"; };
		83EDEF5A15C2F50E0058900A /* DvrVc_iPhone.xib */ = {isa = PBXFileReference; lastKnownFileType = file.xib; path = DvrVc_iPhone.xib; sourceTree = "<group>"; };
		83F2B42316C43BB200993AC9 /* pac12@2x.png */ = {isa = PBXFileReference; lastKnownFileType = image.png; path = "pac12@2x.png"; sourceTree = "<group>"; };
		83F2B42516C4464600993AC9 /* fsw@2x.png */ = {isa = PBXFileReference; lastKnownFileType = image.png; path = "fsw@2x.png"; sourceTree = "<group>"; };
		83F2B42716C44BE300993AC9 /* TvVolumeVc_iPhone.h */ = {isa = PBXFileReference; fileEncoding = 4; lastKnownFileType = sourcecode.c.h; path = TvVolumeVc_iPhone.h; sourceTree = "<group>"; };
		83F2B42816C44BE300993AC9 /* TvVolumeVc_iPhone.m */ = {isa = PBXFileReference; fileEncoding = 4; lastKnownFileType = sourcecode.c.objc; path = TvVolumeVc_iPhone.m; sourceTree = "<group>"; };
		83F2B42916C44BE300993AC9 /* TvVolumeVc_iPhone.xib */ = {isa = PBXFileReference; fileEncoding = 4; lastKnownFileType = file.xib; path = TvVolumeVc_iPhone.xib; sourceTree = "<group>"; };
/* End PBXFileReference section */

/* Begin PBXFrameworksBuildPhase section */
		76E7C73286F44FD20C7CCA31 /* Frameworks */ = {
			isa = PBXFrameworksBuildPhase;
			buildActionMask = 2147483647;
			files = (
				83C714F116C34818007747AD /* QuartzCore.framework in Frameworks */,
				83EDEF5A15C2F50E00588FEA /* Security.framework in Frameworks */,
				83EDEF5315C2F4C200588FEA /* CFNetwork.framework in Frameworks */,
				76E7C73286F44FD20C7CCA35 /* UIKit.framework in Frameworks */,
				76E7C73286F44FD20C7CCA37 /* Foundation.framework in Frameworks */,
				76E7C73286F44FD20C7CCA39 /* CoreGraphics.framework in Frameworks */,
			);
			runOnlyForDeploymentPostprocessing = 0;
		};
		76E7C73286F44FD20C7CCA4C /* Frameworks */ = {
			isa = PBXFrameworksBuildPhase;
			buildActionMask = 2147483647;
			files = (
				76E7C73286F44FD20C7CCA50 /* SenTestingKit.framework in Frameworks */,
				76E7C73286F44FD20C7CCA51 /* UIKit.framework in Frameworks */,
				76E7C73286F44FD20C7CCA52 /* Foundation.framework in Frameworks */,
			);
			runOnlyForDeploymentPostprocessing = 0;
		};
/* End PBXFrameworksBuildPhase section */

/* Begin PBXGroup section */
		5A416BFA60FE7F726B84FFC6 /* Favorites */ = {
			isa = PBXGroup;
			children = (
				8326FAB516CABCF70096F6CB /* bbc@2x.png */,
				8326FAB616CABCF70096F6CB /* fx@2x.png */,
				8326FAB716CABCF70096F6CB /* tbs@2x.png */,
				8326FAB816CABCF70096F6CB /* tnt@2x.png */,
				835BAA5F16C6D91B00DE682F /* abc@2x.png */,
				835BAA6016C6D91B00DE682F /* cbs@2x.png */,
				835BAA6116C6D91B00DE682F /* cbsSports@2x.png */,
				835BAA6216C6D91B00DE682F /* cinemax@2x.png */,
				835BAA6316C6D91B00DE682F /* cnn@2x.png */,
				835BAA6416C6D91B00DE682F /* espn2@2x.png */,
				835BAA6516C6D91B00DE682F /* espnews@2x.png */,
				835BAA6616C6D91B00DE682F /* espnU@2x.png */,
				835BAA6716C6D91B00DE682F /* fcs@2x.png */,
				835BAA6816C6D91B00DE682F /* fox@2x.png */,
				835BAA6916C6D91B00DE682F /* foxBiz@2x.png */,
				835BAA6A16C6D91B00DE682F /* foxSports@2x.png */,
				835BAA6B16C6D91B00DE682F /* golf@2x.png */,
				835BAA6C16C6D91B00DE682F /* hbo@2x.png */,
				835BAA6D16C6D91B00DE682F /* hbood@2x.png */,
				835BAA6E16C6D91B00DE682F /* hln@2x.png */,
				835BAA6F16C6D91B00DE682F /* moviesOnDemand@2x.png */,
				835BAA7016C6D91B00DE682F /* msnbc@2x.png */,
				835BAA7116C6D91B00DE682F /* nbc@2x.png */,
				835BAA7216C6D91B00DE682F /* nbcSports@2x.png */,
				835BAA7316C6D91B00DE682F /* nfl@2x.png */,
				835BAA7416C6D91B00DE682F /* pbs@2x.png */,
				835BAA7516C6D91B00DE682F /* redZone@2x.png */,
				835BAA7616C6D91B00DE682F /* showtime@2x.png */,
				835BAA7716C6D91B00DE682F /* tennis@2x.png */,
				835BAA7816C6D91B00DE682F /* weatherChannel@2x.png */,
				83F2B42516C4464600993AC9 /* fsw@2x.png */,
				83F2B42316C43BB200993AC9 /* pac12@2x.png */,
				5A416A36EAD521B221263A9E /* espn@2x.png */,
			);
			path = Favorites;
			sourceTree = "<group>";
		};
		5A416CE26FB737D702D1D55A /* BluRay */ = {
			isa = PBXGroup;
			children = (
				5A4164062C5B88FDA485F7F7 /* BluRayVc_iPhone.h */,
				5A41660672C0B1358027BAAB /* BluRayVc_iPhone.m */,
				5A41602B31AA2BD0E08F72BC /* BluRayVc_iPhone.xib */,
			);
			path = BluRay;
			sourceTree = "<group>";
		};
		76E7C73286F44FD20C7CCA27 = {
			isa = PBXGroup;
			children = (
				83CA6A4F16C5914D002775C0 /* Default.png */,
				83CA6A3D16C590AD002775C0 /* Icon-72.png */,
				83CA6A3E16C590AD002775C0 /* Icon-72@2x.png */,
				83CA6A3F16C590AD002775C0 /* Icon-Small-50.png */,
				83CA6A4016C590AD002775C0 /* Icon-Small-50@2x.png */,
				83CA6A4116C590AD002775C0 /* Icon-Small.png */,
				83CA6A4216C590AD002775C0 /* Icon-Small@2x.png */,
				83CA6A4316C590AD002775C0 /* iTunesArtwork.png */,
				83CA6A4416C590AD002775C0 /* iTunesArtwork@2x.png */,
				83CA6A3B16C58FF3002775C0 /* Icon.png */,
				83CA6A3916C58FF0002775C0 /* Icon@2x.png */,
				835BE79E16209881000484E7 /* Default-568h@2x.png */,
				76E7C73286F44FD20C7CCA9D /* Ext */,
				76E7C73286F44FD20C7CCA28 /* Products */,
				76E7C73286F44FD20C7CCA33 /* Frameworks */,
				76E7C73286F44FD20C7CCA3A /* JonesRemote */,
				76E7C73286F44FD20C7CCA55 /* JonesRemoteTests */,
			);
			sourceTree = "<group>";
		};
		76E7C73286F44FD20C7CCA28 /* Products */ = {
			isa = PBXGroup;
			children = (
				76E7C73286F44FD20C7CCA2B /* Jones Remote.app */,
				76E7C73286F44FD20C7CCA46 /* JonesRemoteTests.octest */,
			);
			name = Products;
			sourceTree = "<group>";
		};
		76E7C73286F44FD20C7CCA33 /* Frameworks */ = {
			isa = PBXGroup;
			children = (
				83C714F016C34818007747AD /* QuartzCore.framework */,
				83EDEF5915C2F50E00588FEA /* Security.framework */,
				83EDEF5215C2F4C200588FEA /* CFNetwork.framework */,
				76E7C73286F44FD20C7CCA4F /* SenTestingKit.framework */,
				76E7C73286F44FD20C7CCA38 /* CoreGraphics.framework */,
				76E7C73286F44FD20C7CCA36 /* Foundation.framework */,
				76E7C73286F44FD20C7CCA34 /* UIKit.framework */,
			);
			name = Frameworks;
			sourceTree = "<group>";
		};
		76E7C73286F44FD20C7CCA3A /* JonesRemote */ = {
			isa = PBXGroup;
			children = (
				76E7C73286F44FD20C7CCA44 /* AppDelegate.m */,
				76E7C73286F44FD20C7CCA43 /* AppDelegate.h */,
				76E7C73286F44FD20C7CCA3B /* Supporting Files */,
				76E7C73286F44FD20C7CCA5E /* Resources */,
				76E7C73286F44FD20C7CCA96 /* iPhone */,
				76E7C73286F44FD20C7CCA97 /* CommandCenter */,
			);
			path = JonesRemote;
			sourceTree = "<group>";
		};
		76E7C73286F44FD20C7CCA3B /* Supporting Files */ = {
			isa = PBXGroup;
			children = (
				76E7C73286F44FD20C7CCA42 /* JonesRemote-Prefix.pch */,
				76E7C73286F44FD20C7CCA40 /* main.m */,
				76E7C73286F44FD20C7CCA3E /* InfoPlist.strings */,
				76E7C73286F44FD20C7CCA3C /* JonesRemote-Info.plist */,
			);
			name = "Supporting Files";
			sourceTree = "<group>";
		};
		76E7C73286F44FD20C7CCA55 /* JonesRemoteTests */ = {
			isa = PBXGroup;
			children = (
				76E7C73286F44FD20C7CCA5C /* JonesRemoteTests.m */,
				76E7C73286F44FD20C7CCA5B /* JonesRemoteTests.h */,
				76E7C73286F44FD20C7CCA56 /* Supporting Files */,
			);
			path = JonesRemoteTests;
			sourceTree = "<group>";
		};
		76E7C73286F44FD20C7CCA56 /* Supporting Files */ = {
			isa = PBXGroup;
			children = (
				76E7C73286F44FD20C7CCA59 /* InfoPlist.strings */,
				76E7C73286F44FD20C7CCA57 /* JonesRemoteTests-Info.plist */,
			);
			name = "Supporting Files";
			sourceTree = "<group>";
		};
		76E7C73286F44FD20C7CCA5E /* Resources */ = {
			isa = PBXGroup;
			children = (
				839F60EC16CB32110011CD6C /* scene_allOff_large@2x.png */,
				839F60ED16CB32110011CD6C /* scene_appleTV_large@2x.png */,
				839F60EE16CB32110011CD6C /* scene_bluRay_large@2x.png */,
				839F60EF16CB32110011CD6C /* scene_centerTV_large@2x.png */,
				839F60F016CB32110011CD6C /* scene_macMini_large@2x.png */,
				839F60F116CB32110011CD6C /* scene_recording_large@2x.png */,
				839F60F216CB32110011CD6C /* scene_sportsBar_large@2x.png */,
				8326FAB316CAB1830096F6CB /* inputs_highlighted@2x.png */,
				8326FA9F16CAB12B0096F6CB /* scene_allOff@2x.png */,
				8326FAA016CAB12B0096F6CB /* scene_appleTv@2x.png */,
				8326FAA116CAB12B0096F6CB /* scene_bluRay@2x.png */,
				8326FAA216CAB12B0096F6CB /* scene_centerTv@2x.png */,
				8326FAA316CAB12B0096F6CB /* scene_leftTv@2x.png */,
				8326FAA416CAB12B0096F6CB /* scene_macMini@2x.png */,
				8326FAA516CAB12B0096F6CB /* scene_music@2x.png */,
				8326FAA616CAB12B0096F6CB /* scene_recording@2x.png */,
				8326FAA716CAB12B0096F6CB /* scene_rightTv@2x.png */,
				8326FAA816CAB12B0096F6CB /* scene_sportsBar@2x.png */,
				83996A8C16C995D800361F18 /* inputs@2x.png */,
				83996A8D16C995D800361F18 /* rotate@2x.png */,
				83996A8A16C98ADA00361F18 /* scenesHeader@2x.png */,
				83CA6A4D16C590DB002775C0 /* Default@2x.png */,
				5A416DC3ECC9F936DC799019 /* AssignmentButtonBg@2x.png */,
				5A416FFA07329CFB2F71FE9D /* AssignmentButtonBg_highlighted@2x.png */,
				76E7C73286F44FD20C7CCA84 /* Alternate-Gothic-No2.ttf */,
				5A41639EB1D121A764FA269B /* audio_1@2x.png */,
				5A4165FB88EC38AC51F5F555 /* audio_2@2x.png */,
				5A416064A23E7AFD13EF4263 /* audio_3@2x.png */,
				5A41663267F21E137437D8EF /* tv_center@2x.png */,
				5A416014B6C245D75E364C0E /* tv_left@2x.png */,
				5A4167118CD0F7D34CF91F8B /* tv_right@2x.png */,
				5A4167C661088C3AC04FDF28 /* back_bbi@2x.png */,
				5A416808BF007781CCDFA8F6 /* back_bbi_highlighted@2x.png */,
				5A416BD17BF5E5D82DB7D65F /* arrow_L_highlighted@2x.png */,
				5A416B49F30546A071806FF2 /* arrow_L@2x.png */,
				5A41692C498DDF579E17ECB7 /* arrow_R_highlighted@2x.png */,
				5A416FA6FB96B844F5516630 /* arrow_R@2x.png */,
				5A416BFA60FE7F726B84FFC6 /* Favorites */,
				5A416410D4DE560F763AB05A /* bbi_highlighted@2x.png */,
				5A4161F89D607E27C84051A8 /* bbi@2x.png */,
			);
			path = Resources;
			sourceTree = "<group>";
		};
		76E7C73286F44FD20C7CCA5F /* Scene */ = {
			isa = PBXGroup;
			children = (
				76E7C73286F44FD20C7CCA82 /* SceneVc_iPhone.xib */,
				76E7C73286F44FD20C7CCA80 /* SceneVc_iPhone.m */,
				76E7C73286F44FD20C7CCA7F /* SceneVc_iPhone.h */,
			);
			path = Scene;
			sourceTree = "<group>";
		};
		76E7C73286F44FD20C7CCA96 /* iPhone */ = {
			isa = PBXGroup;
			children = (
				76E7C73286F44FD20C7CCA5F /* Scene */,
				83EDEF5A15C2F50E00588FF6 /* Remote */,
				83EDEF5A15C2F50E00588FFD /* Assignment */,
				5A41674A89BAB93AFFA2ED65 /* Theme.m */,
				5A41662E020FAEF909CD611F /* Theme.h */,
			);
			path = iPhone;
			sourceTree = "<group>";
		};
		76E7C73286F44FD20C7CCA97 /* CommandCenter */ = {
			isa = PBXGroup;
			children = (
				76E7C73286F44FD20C7CCA9C /* MatrixEnum.h */,
				76E7C73286F44FD20C7CCA9B /* CommandCenter.h */,
				76E7C73286F44FD20C7CCA99 /* CommandCenter.m */,
				83EDEF5A15C2F50E00588FEE /* IR */,
			);
			path = CommandCenter;
			sourceTree = "<group>";
		};
		76E7C73286F44FD20C7CCA9D /* Ext */ = {
			isa = PBXGroup;
			children = (
				76E7C73286F44FD20C7CCA9E /* CocoaAsyncSocket */,
				83EDEF5A15C2F50E00588FEB /* JTLCommon */,
			);
			path = Ext;
			sourceTree = "<group>";
		};
		76E7C73286F44FD20C7CCA9E /* CocoaAsyncSocket */ = {
			isa = PBXGroup;
			children = (
				76E7C73286F44FD20C7CCAA3 /* GCDAsyncSocket.m */,
				76E7C73286F44FD20C7CCAA2 /* GCDAsyncSocket.h */,
			);
			path = CocoaAsyncSocket;
			sourceTree = "<group>";
		};
		83EDEF5A15C2F50E00588FEB /* JTLCommon */ = {
			isa = PBXGroup;
			children = (
				83EDEF5A15C2F50E00588FEC /* JTLSingleton.h */,
			);
			path = JTLCommon;
			sourceTree = "<group>";
		};
		83EDEF5A15C2F50E00588FEE /* IR */ = {
			isa = PBXGroup;
			children = (
				83EDEF5A15C2F50E00588FF5 /* PanasonicPlasmaTV.h */,
				83EDEF5A15C2F50E00588FF3 /* PanasonicPlasmaTV.m */,
				83EDEF5A15C2F50E00588FF2 /* IREnum.h */,
				83EDEF5A15C2F50E00588FF1 /* TimeWarnerDVR.h */,
				83EDEF5A15C2F50E00588FEF /* TimeWarnerDVR.m */,
				83EDEF5A15C2F50E00588FED /* IRHardware.h */,
				838CB17C16E2D2CA001BE046 /* BluRay.h */,
				838CB17D16E2D2CA001BE046 /* BluRay.m */,
			);
			path = IR;
			sourceTree = "<group>";
		};
		83EDEF5A15C2F50E00588FF6 /* Remote */ = {
			isa = PBXGroup;
			children = (
				83EDEF5A15C2F50E00588FFB /* RemoteVc_iPhone.xib */,
				83EDEF5A15C2F50E00588FF9 /* RemoteVc_iPhone.m */,
				83EDEF5A15C2F50E00588FF8 /* RemoteVc_iPhone.h */,
				83EDEF5A15C2F50E00588FF7 /* DVR */,
				5A416CE26FB737D702D1D55A /* BluRay */,
			);
			path = Remote;
			sourceTree = "<group>";
		};
		83EDEF5A15C2F50E00588FF7 /* DVR */ = {
			isa = PBXGroup;
			children = (
				83EDEF5A15C2F50E0058900A /* DvrVc_iPhone.xib */,
				83EDEF5A15C2F50E00589008 /* DvrVc_iPhone.m */,
				83EDEF5A15C2F50E00589007 /* DvrVc_iPhone.h */,
			);
			path = DVR;
			sourceTree = "<group>";
		};
		83EDEF5A15C2F50E00588FFD /* Assignment */ = {
			isa = PBXGroup;
			children = (
				5A416C5C2AF2453BB8E37526 /* AssignmentButton.h */,
				5A416BC523B369E57FF0F6E4 /* AssignmentButton.m */,
				5A416D5EE8F2D8C189771E93 /* AssignmentVc_iPhone.xib */,
				5A4169CA5D12C7B05A98E5EA /* AssignmentVc_iPhone.m */,
				5A4160EEFFF46BC345B52E44 /* AssignmentVc_iPhone.h */,
				5A4163697DCE59418166FE95 /* AssignmentRowControl.m */,
				5A4163CAA638F584E0200545 /* AssignmentRowControl.h */,
				83F2B42716C44BE300993AC9 /* TvVolumeVc_iPhone.h */,
				83F2B42816C44BE300993AC9 /* TvVolumeVc_iPhone.m */,
				83F2B42916C44BE300993AC9 /* TvVolumeVc_iPhone.xib */,
			);
			path = Assignment;
			sourceTree = "<group>";
		};
/* End PBXGroup section */

/* Begin PBXNativeTarget section */
		76E7C73286F44FD20C7CCA2C /* Jones Remote */ = {
			isa = PBXNativeTarget;
			buildConfigurationList = 76E7C73286F44FD20C7CCA2D /* Build configuration list for PBXNativeTarget "Jones Remote" */;
			buildPhases = (
				76E7C73286F44FD20C7CCA30 /* Sources */,
				76E7C73286F44FD20C7CCA31 /* Frameworks */,
				76E7C73286F44FD20C7CCA32 /* Resources */,
			);
			buildRules = (
			);
			dependencies = (
			);
			name = "Jones Remote";
			productName = JonesRemote;
			productReference = 76E7C73286F44FD20C7CCA2B /* Jones Remote.app */;
			productType = "com.apple.product-type.application";
		};
		76E7C73286F44FD20C7CCA47 /* JonesRemoteTests */ = {
			isa = PBXNativeTarget;
			buildConfigurationList = 76E7C73286F44FD20C7CCA48 /* Build configuration list for PBXNativeTarget "JonesRemoteTests" */;
			buildPhases = (
				76E7C73286F44FD20C7CCA4B /* Sources */,
				76E7C73286F44FD20C7CCA4C /* Frameworks */,
				76E7C73286F44FD20C7CCA4D /* Resources */,
				76E7C73286F44FD20C7CCA4E /* ShellScript */,
			);
			buildRules = (
			);
			dependencies = (
				76E7C73286F44FD20C7CCA54 /* PBXTargetDependency */,
			);
			name = JonesRemoteTests;
			productName = JonesRemoteTests;
			productReference = 76E7C73286F44FD20C7CCA46 /* JonesRemoteTests.octest */;
			productType = "com.apple.product-type.bundle";
		};
/* End PBXNativeTarget section */

/* Begin PBXProject section */
		76E7C73286F44FD20C7CCA25 /* Project object */ = {
			isa = PBXProject;
			attributes = {
				LastUpgradeCheck = 0460;
			};
			buildConfigurationList = 76E7C73286F44FD20C7CCA26 /* Build configuration list for PBXProject "JonesRemote" */;
			compatibilityVersion = "Xcode 3.2";
			developmentRegion = English;
			hasScannedForEncodings = 0;
			knownRegions = (
				en,
			);
			mainGroup = 76E7C73286F44FD20C7CCA27;
			productRefGroup = 76E7C73286F44FD20C7CCA28 /* Products */;
			projectDirPath = "";
			projectRoot = "";
			targets = (
				76E7C73286F44FD20C7CCA2C /* Jones Remote */,
				76E7C73286F44FD20C7CCA47 /* JonesRemoteTests */,
			);
		};
/* End PBXProject section */

/* Begin PBXResourcesBuildPhase section */
		76E7C73286F44FD20C7CCA32 /* Resources */ = {
			isa = PBXResourcesBuildPhase;
			buildActionMask = 2147483647;
			files = (
				76E7C73286F44FD20C7CCA3F /* InfoPlist.strings in Resources */,
				76E7C73286F44FD20C7CCA83 /* SceneVc_iPhone.xib in Resources */,
				76E7C73286F44FD20C7CCA85 /* Alternate-Gothic-No2.ttf in Resources */,
				83EDEF5A15C2F50E00588FFC /* RemoteVc_iPhone.xib in Resources */,
				83EDEF5A15C2F50E0058900B /* DvrVc_iPhone.xib in Resources */,
				5A416EBD791E9060C91A0687 /* AssignmentVc_iPhone.xib in Resources */,
				5A416B262027E41A1B4C2D3C /* AssignmentButtonBg_highlighted@2x.png in Resources */,
				5A416D6F51C8D76D39A72DA3 /* AssignmentButtonBg@2x.png in Resources */,
				5A4160FC76F8457988A315AF /* audio_1@2x.png in Resources */,
				5A416E47A1156F24007A7AE7 /* audio_2@2x.png in Resources */,
				5A416732C27F7F29D6F97B34 /* audio_3@2x.png in Resources */,
				5A416CF9D9EBCCDCFF7ACD10 /* tv_center@2x.png in Resources */,
				5A416D3A91FAB70AD85FB11F /* tv_left@2x.png in Resources */,
				5A4165F2A51C36D26BAD1ACC /* tv_right@2x.png in Resources */,
				5A4163CEEF4E66618507DDAB /* back_bbi@2x.png in Resources */,
				5A41636381FFFADBD7FE1C7E /* back_bbi_highlighted@2x.png in Resources */,
				5A416B9F0E65903059572617 /* arrow_L_highlighted@2x.png in Resources */,
				5A416AB091619D33E24E7B26 /* arrow_L@2x.png in Resources */,
				5A41650FF8A652500795AE63 /* arrow_R_highlighted@2x.png in Resources */,
				5A4166EA00A6BDD3A9AEF6D5 /* arrow_R@2x.png in Resources */,
				5A416971B71A8DF7621B405B /* espn@2x.png in Resources */,
				83F2B42416C43BB200993AC9 /* pac12@2x.png in Resources */,
				83F2B42616C4464600993AC9 /* fsw@2x.png in Resources */,
				83F2B42B16C44BE300993AC9 /* TvVolumeVc_iPhone.xib in Resources */,
				5A416EBDBF71F4638EC4A386 /* bbi_highlighted@2x.png in Resources */,
				5A41657FDCCB2BA05669C72C /* bbi@2x.png in Resources */,
				83CA6A3A16C58FF0002775C0 /* Icon@2x.png in Resources */,
				83CA6A3C16C58FF3002775C0 /* Icon.png in Resources */,
				83CA6A4516C590AD002775C0 /* Icon-72.png in Resources */,
				83CA6A4616C590AD002775C0 /* Icon-72@2x.png in Resources */,
				83CA6A4716C590AD002775C0 /* Icon-Small-50.png in Resources */,
				83CA6A4816C590AD002775C0 /* Icon-Small-50@2x.png in Resources */,
				83CA6A4916C590AD002775C0 /* Icon-Small.png in Resources */,
				83CA6A4A16C590AD002775C0 /* Icon-Small@2x.png in Resources */,
				83CA6A4B16C590AD002775C0 /* iTunesArtwork.png in Resources */,
				83CA6A4C16C590AD002775C0 /* iTunesArtwork@2x.png in Resources */,
				835BAA7916C6D91B00DE682F /* abc@2x.png in Resources */,
				835BAA7A16C6D91B00DE682F /* cbs@2x.png in Resources */,
				835BAA7B16C6D91B00DE682F /* cbsSports@2x.png in Resources */,
				835BAA7C16C6D91B00DE682F /* cinemax@2x.png in Resources */,
				835BAA7D16C6D91B00DE682F /* cnn@2x.png in Resources */,
				835BAA7E16C6D91B00DE682F /* espn2@2x.png in Resources */,
				835BAA7F16C6D91B00DE682F /* espnews@2x.png in Resources */,
				835BAA8016C6D91B00DE682F /* espnU@2x.png in Resources */,
				835BAA8116C6D91B00DE682F /* fcs@2x.png in Resources */,
				835BAA8216C6D91B00DE682F /* fox@2x.png in Resources */,
				835BAA8316C6D91B00DE682F /* foxBiz@2x.png in Resources */,
				835BAA8416C6D91B00DE682F /* foxSports@2x.png in Resources */,
				835BAA8516C6D91B00DE682F /* golf@2x.png in Resources */,
				835BAA8616C6D91B00DE682F /* hbo@2x.png in Resources */,
				835BAA8716C6D91B00DE682F /* hbood@2x.png in Resources */,
				835BAA8816C6D91B00DE682F /* hln@2x.png in Resources */,
				835BAA8916C6D91B00DE682F /* moviesOnDemand@2x.png in Resources */,
				835BAA8A16C6D91B00DE682F /* msnbc@2x.png in Resources */,
				835BAA8B16C6D91B00DE682F /* nbc@2x.png in Resources */,
				835BAA8C16C6D91B00DE682F /* nbcSports@2x.png in Resources */,
				835BAA8D16C6D91B00DE682F /* nfl@2x.png in Resources */,
				835BAA8E16C6D91B00DE682F /* pbs@2x.png in Resources */,
				835BAA8F16C6D91B00DE682F /* redZone@2x.png in Resources */,
				835BAA9016C6D91B00DE682F /* showtime@2x.png in Resources */,
				835BAA9116C6D91B00DE682F /* tennis@2x.png in Resources */,
				835BAA9216C6D91B00DE682F /* weatherChannel@2x.png in Resources */,
				83996A8B16C98ADA00361F18 /* scenesHeader@2x.png in Resources */,
				83996A8E16C995D800361F18 /* inputs@2x.png in Resources */,
				83996A8F16C995D800361F18 /* rotate@2x.png in Resources */,
				8326FAA916CAB12B0096F6CB /* scene_allOff@2x.png in Resources */,
				8326FAAA16CAB12B0096F6CB /* scene_appleTv@2x.png in Resources */,
				8326FAAB16CAB12B0096F6CB /* scene_bluRay@2x.png in Resources */,
				8326FAAC16CAB12B0096F6CB /* scene_centerTv@2x.png in Resources */,
				8326FAAD16CAB12B0096F6CB /* scene_leftTv@2x.png in Resources */,
				8326FAAE16CAB12B0096F6CB /* scene_macMini@2x.png in Resources */,
				8326FAAF16CAB12B0096F6CB /* scene_music@2x.png in Resources */,
				8326FAB016CAB12B0096F6CB /* scene_recording@2x.png in Resources */,
				8326FAB116CAB12B0096F6CB /* scene_rightTv@2x.png in Resources */,
				8326FAB216CAB12B0096F6CB /* scene_sportsBar@2x.png in Resources */,
				8326FAB416CAB1830096F6CB /* inputs_highlighted@2x.png in Resources */,
				8326FAB916CABCF70096F6CB /* bbc@2x.png in Resources */,
				8326FABA16CABCF70096F6CB /* fx@2x.png in Resources */,
				8326FABB16CABCF70096F6CB /* tbs@2x.png in Resources */,
				8326FABC16CABCF70096F6CB /* tnt@2x.png in Resources */,
				839F60F316CB32110011CD6C /* scene_allOff_large@2x.png in Resources */,
				839F60F416CB32110011CD6C /* scene_appleTV_large@2x.png in Resources */,
				839F60F516CB32110011CD6C /* scene_bluRay_large@2x.png in Resources */,
				839F60F616CB32110011CD6C /* scene_centerTV_large@2x.png in Resources */,
				839F60F716CB32110011CD6C /* scene_macMini_large@2x.png in Resources */,
				839F60F816CB32110011CD6C /* scene_recording_large@2x.png in Resources */,
				839F60F916CB32110011CD6C /* scene_sportsBar_large@2x.png in Resources */,
				839F60FA16CB41500011CD6C /* Default-568h@2x.png in Resources */,
				5A41608D0128B56CB5294B61 /* BluRayVc_iPhone.xib in Resources */,
			);
			runOnlyForDeploymentPostprocessing = 0;
		};
		76E7C73286F44FD20C7CCA4D /* Resources */ = {
			isa = PBXResourcesBuildPhase;
			buildActionMask = 2147483647;
			files = (
				76E7C73286F44FD20C7CCA5A /* InfoPlist.strings in Resources */,
			);
			runOnlyForDeploymentPostprocessing = 0;
		};
/* End PBXResourcesBuildPhase section */

/* Begin PBXShellScriptBuildPhase section */
		76E7C73286F44FD20C7CCA4E /* ShellScript */ = {
			isa = PBXShellScriptBuildPhase;
			buildActionMask = 2147483647;
			files = (
			);
			inputPaths = (
			);
			outputPaths = (
			);
			runOnlyForDeploymentPostprocessing = 0;
			shellPath = /bin/sh;
			shellScript = "# Run the unit tests in this test bundle.\n\"${SYSTEM_DEVELOPER_DIR}/Tools/RunUnitTests\"\n";
		};
/* End PBXShellScriptBuildPhase section */

/* Begin PBXSourcesBuildPhase section */
		76E7C73286F44FD20C7CCA30 /* Sources */ = {
			isa = PBXSourcesBuildPhase;
			buildActionMask = 2147483647;
			files = (
				76E7C73286F44FD20C7CCA41 /* main.m in Sources */,
				76E7C73286F44FD20C7CCA45 /* AppDelegate.m in Sources */,
				76E7C73286F44FD20C7CCA81 /* SceneVc_iPhone.m in Sources */,
				76E7C73286F44FD20C7CCA9A /* CommandCenter.m in Sources */,
				76E7C73286F44FD20C7CCAA4 /* GCDAsyncSocket.m in Sources */,
				83EDEF5A15C2F50E00588FF0 /* TimeWarnerDVR.m in Sources */,
				83EDEF5A15C2F50E00588FF4 /* PanasonicPlasmaTV.m in Sources */,
				83EDEF5A15C2F50E00588FFA /* RemoteVc_iPhone.m in Sources */,
				83EDEF5A15C2F50E00589009 /* DvrVc_iPhone.m in Sources */,
				5A4168A93F6492C227EC174B /* AssignmentVc_iPhone.m in Sources */,
				5A416AA2EC7E3239F812B4DA /* AssignmentButton.m in Sources */,
				5A41610184C19F628CA2E73B /* AssignmentRowControl.m in Sources */,
				5A41685F610594E38352D2F8 /* Theme.m in Sources */,
				83F2B42A16C44BE300993AC9 /* TvVolumeVc_iPhone.m in Sources */,
				5A416F1A4B3E7AB98768CFD0 /* BluRayVc_iPhone.m in Sources */,
				838CB17E16E2D2CA001BE046 /* BluRay.m in Sources */,
			);
			runOnlyForDeploymentPostprocessing = 0;
		};
		76E7C73286F44FD20C7CCA4B /* Sources */ = {
			isa = PBXSourcesBuildPhase;
			buildActionMask = 2147483647;
			files = (
				76E7C73286F44FD20C7CCA5D /* JonesRemoteTests.m in Sources */,
			);
			runOnlyForDeploymentPostprocessing = 0;
		};
/* End PBXSourcesBuildPhase section */

/* Begin PBXTargetDependency section */
		76E7C73286F44FD20C7CCA54 /* PBXTargetDependency */ = {
			isa = PBXTargetDependency;
			target = 76E7C73286F44FD20C7CCA2C /* Jones Remote */;
			targetProxy = 76E7C73286F44FD20C7CCA53 /* PBXContainerItemProxy */;
		};
/* End PBXTargetDependency section */

/* Begin PBXVariantGroup section */
		76E7C73286F44FD20C7CCA3E /* InfoPlist.strings */ = {
			isa = PBXVariantGroup;
			children = (
				76E7C73286F44FD20C7CCA3D /* en */,
			);
			name = InfoPlist.strings;
			sourceTree = "<group>";
		};
		76E7C73286F44FD20C7CCA59 /* InfoPlist.strings */ = {
			isa = PBXVariantGroup;
			children = (
				76E7C73286F44FD20C7CCA58 /* en */,
			);
			name = InfoPlist.strings;
			sourceTree = "<group>";
		};
/* End PBXVariantGroup section */

/* Begin XCBuildConfiguration section */
		76E7C73286F44FD20C7CCA29 /* Release */ = {
			isa = XCBuildConfiguration;
			buildSettings = {
				ALWAYS_SEARCH_USER_PATHS = NO;
				ARCHS = "$(ARCHS_STANDARD_32_BIT)";
				CLANG_ENABLE_OBJC_ARC = YES;
				CLANG_WARN_CONSTANT_CONVERSION = YES;
				CLANG_WARN_ENUM_CONVERSION = YES;
				CLANG_WARN_INT_CONVERSION = YES;
				CLANG_WARN__DUPLICATE_METHOD_MATCH = YES;
				"CODE_SIGN_IDENTITY[sdk=iphoneos*]" = "iPhone Developer";
				COPY_PHASE_STRIP = YES;
				GCC_C_LANGUAGE_STANDARD = gnu99;
				GCC_VERSION = com.apple.compilers.llvm.clang.1_0;
				GCC_WARN_ABOUT_RETURN_TYPE = YES;
				GCC_WARN_UNINITIALIZED_AUTOS = YES;
				GCC_WARN_UNUSED_VARIABLE = YES;
				IPHONEOS_DEPLOYMENT_TARGET = 5.1;
				OTHER_CFLAGS = "-DNS_BLOCK_ASSERTIONS=1";
				SDKROOT = iphoneos;
				VALIDATE_PRODUCT = YES;
			};
			name = Release;
		};
		76E7C73286F44FD20C7CCA2A /* Debug */ = {
			isa = XCBuildConfiguration;
			buildSettings = {
				ALWAYS_SEARCH_USER_PATHS = NO;
				ARCHS = "$(ARCHS_STANDARD_32_BIT)";
				CLANG_ENABLE_OBJC_ARC = YES;
				CLANG_WARN_CONSTANT_CONVERSION = YES;
				CLANG_WARN_ENUM_CONVERSION = YES;
				CLANG_WARN_INT_CONVERSION = YES;
				CLANG_WARN__DUPLICATE_METHOD_MATCH = YES;
				"CODE_SIGN_IDENTITY[sdk=iphoneos*]" = "iPhone Developer";
				COPY_PHASE_STRIP = NO;
				GCC_C_LANGUAGE_STANDARD = gnu99;
				GCC_DYNAMIC_NO_PIC = NO;
				GCC_OPTIMIZATION_LEVEL = 0;
				GCC_PREPROCESSOR_DEFINITIONS = (
					"DEBUG=1",
					"$(inherited)",
				);
				GCC_SYMBOLS_PRIVATE_EXTERN = NO;
				GCC_VERSION = com.apple.compilers.llvm.clang.1_0;
				GCC_WARN_ABOUT_RETURN_TYPE = YES;
				GCC_WARN_UNINITIALIZED_AUTOS = YES;
				GCC_WARN_UNUSED_VARIABLE = YES;
				IPHONEOS_DEPLOYMENT_TARGET = 5.1;
				SDKROOT = iphoneos;
			};
			name = Debug;
		};
		76E7C73286F44FD20C7CCA2E /* Release */ = {
			isa = XCBuildConfiguration;
			buildSettings = {
				GCC_PRECOMPILE_PREFIX_HEADER = YES;
				GCC_PREFIX_HEADER = "JonesRemote/JonesRemote-Prefix.pch";
				INFOPLIST_FILE = "JonesRemote/JonesRemote-Info.plist";
				IPHONEOS_DEPLOYMENT_TARGET = 6.0;
				PRODUCT_NAME = "$(TARGET_NAME)";
				WRAPPER_EXTENSION = app;
			};
			name = Release;
		};
		76E7C73286F44FD20C7CCA2F /* Debug */ = {
			isa = XCBuildConfiguration;
			buildSettings = {
				GCC_PRECOMPILE_PREFIX_HEADER = YES;
				GCC_PREFIX_HEADER = "JonesRemote/JonesRemote-Prefix.pch";
				INFOPLIST_FILE = "JonesRemote/JonesRemote-Info.plist";
				IPHONEOS_DEPLOYMENT_TARGET = 6.0;
				PRODUCT_NAME = "$(TARGET_NAME)";
				WRAPPER_EXTENSION = app;
			};
			name = Debug;
		};
		76E7C73286F44FD20C7CCA49 /* Release */ = {
			isa = XCBuildConfiguration;
			buildSettings = {
				BUNDLE_LOADER = "$(BUILT_PRODUCTS_DIR)/JonesRemote.app/JonesRemote";
				FRAMEWORK_SEARCH_PATHS = (
					"$(SDKROOT)/Developer/Library/Frameworks",
					"$(DEVELOPER_LIBRARY_DIR)/Frameworks",
				);
				GCC_PRECOMPILE_PREFIX_HEADER = YES;
				GCC_PREFIX_HEADER = "JonesRemote/JonesRemote-Prefix.pch";
				INFOPLIST_FILE = "JonesRemoteTests/JonesRemoteTests-Info.plist";
				PRODUCT_NAME = "$(TARGET_NAME)";
				TEST_HOST = "$(BUNDLE_LOADER)";
				WRAPPER_EXTENSION = octest;
			};
			name = Release;
		};
		76E7C73286F44FD20C7CCA4A /* Debug */ = {
			isa = XCBuildConfiguration;
			buildSettings = {
				BUNDLE_LOADER = "$(BUILT_PRODUCTS_DIR)/JonesRemote.app/JonesRemote";
				FRAMEWORK_SEARCH_PATHS = (
					"$(SDKROOT)/Developer/Library/Frameworks",
					"$(DEVELOPER_LIBRARY_DIR)/Frameworks",
				);
				GCC_PRECOMPILE_PREFIX_HEADER = YES;
				GCC_PREFIX_HEADER = "JonesRemote/JonesRemote-Prefix.pch";
				INFOPLIST_FILE = "JonesRemoteTests/JonesRemoteTests-Info.plist";
				PRODUCT_NAME = "$(TARGET_NAME)";
				TEST_HOST = "$(BUNDLE_LOADER)";
				WRAPPER_EXTENSION = octest;
			};
			name = Debug;
		};
/* End XCBuildConfiguration section */

/* Begin XCConfigurationList section */
		76E7C73286F44FD20C7CCA26 /* Build configuration list for PBXProject "JonesRemote" */ = {
			isa = XCConfigurationList;
			buildConfigurations = (
				76E7C73286F44FD20C7CCA29 /* Release */,
				76E7C73286F44FD20C7CCA2A /* Debug */,
			);
			defaultConfigurationIsVisible = 0;
			defaultConfigurationName = Release;
		};
		76E7C73286F44FD20C7CCA2D /* Build configuration list for PBXNativeTarget "Jones Remote" */ = {
			isa = XCConfigurationList;
			buildConfigurations = (
				76E7C73286F44FD20C7CCA2E /* Release */,
				76E7C73286F44FD20C7CCA2F /* Debug */,
			);
			defaultConfigurationIsVisible = 0;
			defaultConfigurationName = Release;
		};
		76E7C73286F44FD20C7CCA48 /* Build configuration list for PBXNativeTarget "JonesRemoteTests" */ = {
			isa = XCConfigurationList;
			buildConfigurations = (
				76E7C73286F44FD20C7CCA49 /* Release */,
				76E7C73286F44FD20C7CCA4A /* Debug */,
			);
			defaultConfigurationIsVisible = 0;
			defaultConfigurationName = Release;
		};
/* End XCConfigurationList section */
	};
	rootObject = 76E7C73286F44FD20C7CCA25 /* Project object */;
}
